
Microsoft Visual Studio Solution File, Format Version 12.00
# Visual Studio Version 17
VisualStudioVersion = 17.4.33403.182
MinimumVisualStudioVersion = 10.0.40219.1
Project("{9A19103F-16F7-4668-BE54-9A1E7A4F7556}") = "BS-RJP.API", "BS-RJP.API\BS-RJP.API.csproj", "{ABF6354F-F61D-42A4-B5F5-D799AFC259C3}"
EndProject
Project("{9A19103F-16F7-4668-BE54-9A1E7A4F7556}") = "BS-RJP.BLL", "BS-RJP.BLL\BS-RJP.BLL.csproj", "{020ED648-5823-4C7B-806D-29D7A9887EB8}"
EndProject
Project("{9A19103F-16F7-4668-BE54-9A1E7A4F7556}") = "BS-RJP.DAL", "DAL\BS-RJP.DAL.csproj", "{737A0C13-60D1-4607-BD61-D52B013CDC3F}"
EndProject
Project("{9A19103F-16F7-4668-BE54-9A1E7A4F7556}") = "BS-RJP.EF", "BS-RJP.EF\BS-RJP.EF.csproj", "{377D3C7C-6BC6-4C46-9204-232967751433}"
EndProject
Global
	GlobalSection(SolutionConfigurationPlatforms) = preSolution
		Debug|Any CPU = Debug|Any CPU
		Release|Any CPU = Release|Any CPU
	EndGlobalSection
	GlobalSection(ProjectConfigurationPlatforms) = postSolution
		{ABF6354F-F61D-42A4-B5F5-D799AFC259C3}.Debug|Any CPU.ActiveCfg = Debug|Any CPU
		{ABF6354F-F61D-42A4-B5F5-D799AFC259C3}.Debug|Any CPU.Build.0 = Debug|Any CPU
		{ABF6354F-F61D-42A4-B5F5-D799AFC259C3}.Release|Any CPU.ActiveCfg = Release|Any CPU
		{ABF6354F-F61D-42A4-B5F5-D799AFC259C3}.Release|Any CPU.Build.0 = Release|Any CPU
		{020ED648-5823-4C7B-806D-29D7A9887EB8}.Debug|Any CPU.ActiveCfg = Debug|Any CPU
		{020ED648-5823-4C7B-806D-29D7A9887EB8}.Debug|Any CPU.Build.0 = Debug|Any CPU
		{020ED648-5823-4C7B-806D-29D7A9887EB8}.Release|Any CPU.ActiveCfg = Release|Any CPU
		{020ED648-5823-4C7B-806D-29D7A9887EB8}.Release|Any CPU.Build.0 = Release|Any CPU
		{737A0C13-60D1-4607-BD61-D52B013CDC3F}.Debug|Any CPU.ActiveCfg = Debug|Any CPU
		{737A0C13-60D1-4607-BD61-D52B013CDC3F}.Debug|Any CPU.Build.0 = Debug|Any CPU
		{737A0C13-60D1-4607-BD61-D52B013CDC3F}.Release|Any CPU.ActiveCfg = Release|Any CPU
		{737A0C13-60D1-4607-BD61-D52B013CDC3F}.Release|Any CPU.Build.0 = Release|Any CPU
		{377D3C7C-6BC6-4C46-9204-232967751433}.Debug|Any CPU.ActiveCfg = Debug|Any CPU
		{377D3C7C-6BC6-4C46-9204-232967751433}.Debug|Any CPU.Build.0 = Debug|Any CPU
		{377D3C7C-6BC6-4C46-9204-232967751433}.Release|Any CPU.ActiveCfg = Release|Any CPU
		{377D3C7C-6BC6-4C46-9204-232967751433}.Release|Any CPU.Build.0 = Release|Any CPU
	EndGlobalSection
	GlobalSection(SolutionProperties) = preSolution
		HideSolutionNode = FALSE
	EndGlobalSection
	GlobalSection(ExtensibilityGlobals) = postSolution
		SolutionGuid = {766283F6-558F-425E-AE46-0FFECADFC4BC}
	EndGlobalSection
EndGlobal
